
Microsoft Visual Studio Solution File, Format Version 12.00
# Visual Studio Version 17
VisualStudioVersion = 17.7.34003.232
MinimumVisualStudioVersion = 10.0.40219.1
Project("{9A19103F-16F7-4668-BE54-9A1E7A4F7556}") = "Dictionary", "Dictionary\Dictionary.csproj", "{70A416FC-F7B4-46BD-8035-5FCD0095266F}"
EndProject
Project("{FAE04EC0-301F-11D3-BF4B-00C04F79EFBC}") = "prjDictionary", "prjDictionary\prjDictionary.csproj", "{70B68A1C-C58D-463F-8B26-404CF9084CB7}"
EndProject
Project("{FAE04EC0-301F-11D3-BF4B-00C04F79EFBC}") = "DictionaryGUI", "DictionaryGUI\DictionaryGUI.csproj", "{9096D6C3-F1B8-448C-9960-17AB3F6B667D}"
EndProject
Global
	GlobalSection(SolutionConfigurationPlatforms) = preSolution
		Debug|Any CPU = Debug|Any CPU
		Release|Any CPU = Release|Any CPU
	EndGlobalSection
	GlobalSection(ProjectConfigurationPlatforms) = postSolution
		{70A416FC-F7B4-46BD-8035-5FCD0095266F}.Debug|Any CPU.ActiveCfg = Debug|Any CPU
		{70A416FC-F7B4-46BD-8035-5FCD0095266F}.Debug|Any CPU.Build.0 = Debug|Any CPU
		{70A416FC-F7B4-46BD-8035-5FCD0095266F}.Release|Any CPU.ActiveCfg = Release|Any CPU
		{70A416FC-F7B4-46BD-8035-5FCD0095266F}.Release|Any CPU.Build.0 = Release|Any CPU
		{70B68A1C-C58D-463F-8B26-404CF9084CB7}.Debug|Any CPU.ActiveCfg = Debug|Any CPU
		{70B68A1C-C58D-463F-8B26-404CF9084CB7}.Debug|Any CPU.Build.0 = Debug|Any CPU
		{70B68A1C-C58D-463F-8B26-404CF9084CB7}.Release|Any CPU.ActiveCfg = Release|Any CPU
		{70B68A1C-C58D-463F-8B26-404CF9084CB7}.Release|Any CPU.Build.0 = Release|Any CPU
		{9096D6C3-F1B8-448C-9960-17AB3F6B667D}.Debug|Any CPU.ActiveCfg = Debug|Any CPU
		{9096D6C3-F1B8-448C-9960-17AB3F6B667D}.Debug|Any CPU.Build.0 = Debug|Any CPU
		{9096D6C3-F1B8-448C-9960-17AB3F6B667D}.Release|Any CPU.ActiveCfg = Release|Any CPU
		{9096D6C3-F1B8-448C-9960-17AB3F6B667D}.Release|Any CPU.Build.0 = Release|Any CPU
	EndGlobalSection
	GlobalSection(SolutionProperties) = preSolution
		HideSolutionNode = FALSE
	EndGlobalSection
	GlobalSection(ExtensibilityGlobals) = postSolution
		SolutionGuid = {B9B2F95B-8CAB-4087-B201-F2347C0E0DB4}
	EndGlobalSection
EndGlobal
